{
  "nodes": {
    "base16": {
      "inputs": {
        "nixpkgs": [
          "nixpkgs"
        ]
      },
      "locked": {
        "lastModified": 1658847131,
        "narHash": "sha256-X6Mml7cT0YR3WCD5fkUhpRVV5ZPcwdcDsND8r8xMqTE=",
        "owner": "SenchoPens",
        "repo": "base16.nix",
        "rev": "6b404cda2e04ca3cf5ca7b877af9c469e1386acb",
        "type": "github"
      },
      "original": {
        "owner": "SenchoPens",
        "repo": "base16.nix",
        "type": "github"
      }
    },
    "base16-emacs": {
      "flake": false,
      "locked": {
        "lastModified": 1671325535,
        "narHash": "sha256-blVWHSZZl/U63B514TyOJ7L1qoBp3V1PqagK/8qvcJ8=",
        "owner": "tinted-theming",
        "repo": "base16-emacs",
        "rev": "d113012e4b76bb3ced331480bce33d03241e56bc",
        "type": "github"
      },
      "original": {
        "owner": "tinted-theming",
        "repo": "base16-emacs",
        "type": "github"
      }
    },
    "base16-rofi": {
      "flake": false,
      "locked": {
        "lastModified": 1668291378,
        "narHash": "sha256-RZpjCQ8KGO3cv9A/lNNoTE+WJ9sNk5sz0zJq02zzxA8=",
        "owner": "tinted-theming",
        "repo": "base16-rofi",
        "rev": "3f64a9f8d8cb7db796557b516682b255172c4ab4",
        "type": "github"
      },
      "original": {
        "owner": "tinted-theming",
        "repo": "base16-rofi",
        "type": "github"
      }
    },
    "base16-schemes": {
      "flake": false,
      "locked": {
        "lastModified": 1671208311,
        "narHash": "sha256-U9pfie3qABp5sTr3M9ga/jX8C807FeiXlmEZnC4ZM58=",
        "owner": "tinted-theming",
        "repo": "base16-schemes",
        "rev": "cf6bc892a24af19e11383adedc6ce7901f133ea7",
        "type": "github"
      },
      "original": {
        "owner": "tinted-theming",
        "repo": "base16-schemes",
        "type": "github"
      }
    },
    "base16-tmux": {
      "flake": false,
      "locked": {
        "lastModified": 1671324556,
        "narHash": "sha256-HcJwx1tucRP0XKkEIaP831xJCW8wwKvbiksDl9r9zNw=",
        "owner": "tinted-theming",
        "repo": "base16-tmux",
        "rev": "3312bb2cbb26db7eeb2d2235ae17d4ffaef5e59b",
        "type": "github"
      },
      "original": {
        "owner": "tinted-theming",
        "repo": "base16-tmux",
        "type": "github"
      }
    },
    "copilot-el": {
      "flake": false,
      "locked": {
        "lastModified": 1675730258,
        "narHash": "sha256-/f9b4y/oOX4D8Oeb0ge2pPY3MpASAVf0Rb/cTJHjlQw=",
        "owner": "zerolfx",
        "repo": "copilot.el",
        "rev": "b91a7f3d48f3ef7d752f60db562be99f1a85f68b",
        "type": "github"
      },
      "original": {
        "owner": "zerolfx",
        "repo": "copilot.el",
        "type": "github"
      }
    },
    "emacs-overlay": {
      "inputs": {
        "flake-utils": "flake-utils",
        "nixpkgs": "nixpkgs"
      },
      "locked": {
        "lastModified": 1676139397,
        "narHash": "sha256-ZaWCQC5HeLGI1Y/RYanXmOpF6veRSo5Kn0Zs3uKeinw=",
        "owner": "nix-community",
        "repo": "emacs-overlay",
        "rev": "b991fd49bf64e4631f7e52d4af7a253f18c4e1e4",
        "type": "github"
      },
      "original": {
        "owner": "nix-community",
        "repo": "emacs-overlay",
        "type": "github"
      }
    },
    "fish-kubectl-completions": {
      "flake": false,
      "locked": {
        "lastModified": 1629115345,
        "narHash": "sha256-OYiYTW+g71vD9NWOcX1i2/TaQfAg+c2dJZ5ohwWSDCc=",
        "owner": "evanlucas",
        "repo": "fish-kubectl-completions",
        "rev": "ced676392575d618d8b80b3895cdc3159be3f628",
        "type": "github"
      },
      "original": {
        "owner": "evanlucas",
        "repo": "fish-kubectl-completions",
        "type": "github"
      }
    },
    "flake-compat": {
      "flake": false,
      "locked": {
        "lastModified": 1673956053,
        "narHash": "sha256-4gtG9iQuiKITOjNQQeQIpoIB6b16fm+504Ch3sNKLd8=",
        "owner": "edolstra",
        "repo": "flake-compat",
        "rev": "35bb57c0c8d8b62bbfd284272c928ceb64ddbde9",
        "type": "github"
      },
      "original": {
        "owner": "edolstra",
        "repo": "flake-compat",
        "type": "github"
      }
    },
    "flake-utils": {
      "locked": {
        "lastModified": 1667395993,
        "narHash": "sha256-nuEHfE/LcWyuSWnS8t12N1wc105Qtau+/OdUAjtQ0rA=",
        "owner": "numtide",
        "repo": "flake-utils",
        "rev": "5aed5285a952e0b949eb3ba02c12fa4fcfef535f",
        "type": "github"
      },
      "original": {
        "owner": "numtide",
        "repo": "flake-utils",
        "type": "github"
      }
    },
    "flake-utils_2": {
      "locked": {
        "lastModified": 1667395993,
        "narHash": "sha256-nuEHfE/LcWyuSWnS8t12N1wc105Qtau+/OdUAjtQ0rA=",
        "owner": "numtide",
        "repo": "flake-utils",
        "rev": "5aed5285a952e0b949eb3ba02c12fa4fcfef535f",
        "type": "github"
      },
      "original": {
        "owner": "numtide",
        "repo": "flake-utils",
        "type": "github"
      }
    },
    "flake-utils_3": {
      "locked": {
        "lastModified": 1667395993,
        "narHash": "sha256-nuEHfE/LcWyuSWnS8t12N1wc105Qtau+/OdUAjtQ0rA=",
        "owner": "numtide",
        "repo": "flake-utils",
        "rev": "5aed5285a952e0b949eb3ba02c12fa4fcfef535f",
        "type": "github"
      },
      "original": {
        "owner": "numtide",
        "repo": "flake-utils",
        "type": "github"
      }
    },
    "flake-utils_4": {
      "locked": {
        "lastModified": 1667395993,
        "narHash": "sha256-nuEHfE/LcWyuSWnS8t12N1wc105Qtau+/OdUAjtQ0rA=",
        "owner": "numtide",
        "repo": "flake-utils",
        "rev": "5aed5285a952e0b949eb3ba02c12fa4fcfef535f",
        "type": "github"
      },
      "original": {
        "owner": "numtide",
        "repo": "flake-utils",
        "type": "github"
      }
    },
    "fzf.fish": {
      "flake": false,
      "locked": {
        "lastModified": 1674674469,
        "narHash": "sha256-i9FcuQdmNlJnMWQp7myF3N0tMD/2I0CaMs/PlD8o1gw=",
        "owner": "PatrickF1",
        "repo": "fzf.fish",
        "rev": "63c8f8e65761295da51029c5b6c9e601571837a1",
        "type": "github"
      },
      "original": {
        "owner": "PatrickF1",
        "repo": "fzf.fish",
        "type": "github"
      }
    },
    "git-sync-el": {
      "flake": false,
      "locked": {
        "lastModified": 1664687638,
        "narHash": "sha256-mTL9oeqsgqBAkdVSL4/DcNUoQUgDr3521G8hxEOJIjw=",
        "owner": "mcwitt",
        "repo": "git-sync.el",
        "rev": "9b27ee28e077a30654f87737d97af1d21fdb2e41",
        "type": "github"
      },
      "original": {
        "owner": "mcwitt",
        "repo": "git-sync.el",
        "type": "github"
      }
    },
    "gitignore": {
      "flake": false,
      "locked": {
        "lastModified": 1671393439,
        "narHash": "sha256-t/+ZQiGEziCqs8kIdlb/3/KBs0XQnHyQC+xoV2rzfbQ=",
        "owner": "github",
        "repo": "gitignore",
        "rev": "4488915eec0b3a45b5c63ead28f286819c0917de",
        "type": "github"
      },
      "original": {
        "owner": "github",
        "repo": "gitignore",
        "type": "github"
      }
    },
    "gitignore.nix": {
      "inputs": {
        "nixpkgs": "nixpkgs_2"
      },
      "locked": {
        "lastModified": 1660459072,
        "narHash": "sha256-8DFJjXG8zqoONA1vXtgeKXy68KdJL5UaXR8NtVMUbx8=",
        "owner": "hercules-ci",
        "repo": "gitignore.nix",
        "rev": "a20de23b925fd8264fd7fad6454652e142fd7f73",
        "type": "github"
      },
      "original": {
        "owner": "hercules-ci",
        "repo": "gitignore.nix",
        "type": "github"
      }
    },
    "gitignore_2": {
      "inputs": {
        "nixpkgs": [
          "pre-commit-hooks",
          "nixpkgs"
        ]
      },
      "locked": {
        "lastModified": 1660459072,
        "narHash": "sha256-8DFJjXG8zqoONA1vXtgeKXy68KdJL5UaXR8NtVMUbx8=",
        "owner": "hercules-ci",
        "repo": "gitignore.nix",
        "rev": "a20de23b925fd8264fd7fad6454652e142fd7f73",
        "type": "github"
      },
      "original": {
        "owner": "hercules-ci",
        "repo": "gitignore.nix",
        "type": "github"
      }
    },
    "home-manager": {
      "inputs": {
        "nixpkgs": [
          "nixpkgs"
        ],
        "utils": "utils"
      },
      "locked": {
        "lastModified": 1674440933,
        "narHash": "sha256-CASRcD/rK3fn5vUCti3jzry7zi0GsqRsBohNq9wPgLs=",
        "owner": "nix-community",
        "repo": "home-manager",
        "rev": "65c47ced082e3353113614f77b1bc18822dc731f",
        "type": "github"
      },
      "original": {
        "owner": "nix-community",
        "ref": "release-22.11",
        "repo": "home-manager",
        "type": "github"
      }
    },
    "nixos-hardware": {
      "locked": {
        "lastModified": 1675933606,
        "narHash": "sha256-y427VhPQHOKkYvkc9MMsL/2R7M11rQxzsRdRLM3htx8=",
        "owner": "NixOS",
        "repo": "nixos-hardware",
        "rev": "44ae00e02e8036a66c08f4decdece7e3bbbefee2",
        "type": "github"
      },
      "original": {
        "owner": "NixOS",
        "repo": "nixos-hardware",
        "type": "github"
      }
    },
    "nixpkgs": {
      "locked": {
        "lastModified": 1673540789,
        "narHash": "sha256-xqnxBOK3qctIeUVxecydrEDbEXjsvHCPGPbvsl63M/U=",
        "owner": "NixOS",
        "repo": "nixpkgs",
        "rev": "0f213d0fee84280d8c3a97f7469b988d6fe5fcdf",
        "type": "github"
      },
      "original": {
        "owner": "NixOS",
        "ref": "nixos-unstable",
        "repo": "nixpkgs",
        "type": "github"
      }
    },
    "nixpkgs-darwin": {
      "locked": {
        "lastModified": 1672580127,
        "narHash": "sha256-3lW3xZslREhJogoOkjeZtlBtvFMyxHku7I/9IVehhT8=",
        "owner": "nixos",
        "repo": "nixpkgs",
        "rev": "0874168639713f547c05947c76124f78441ea46c",
        "type": "github"
      },
      "original": {
        "owner": "nixos",
        "ref": "nixpkgs-22.05-darwin",
        "repo": "nixpkgs",
        "type": "github"
      }
    },
    "nixpkgs-non-darwin": {
      "locked": {
        "lastModified": 1672580127,
        "narHash": "sha256-3lW3xZslREhJogoOkjeZtlBtvFMyxHku7I/9IVehhT8=",
        "owner": "nixos",
        "repo": "nixpkgs",
        "rev": "0874168639713f547c05947c76124f78441ea46c",
        "type": "github"
      },
      "original": {
        "owner": "nixos",
        "ref": "release-22.05",
        "repo": "nixpkgs",
        "type": "github"
      }
    },
    "nixpkgs-stable": {
      "locked": {
        "lastModified": 1673800717,
        "narHash": "sha256-SFHraUqLSu5cC6IxTprex/nTsI81ZQAtDvlBvGDWfnA=",
        "owner": "NixOS",
        "repo": "nixpkgs",
        "rev": "2f9fd351ec37f5d479556cd48be4ca340da59b8f",
        "type": "github"
      },
      "original": {
        "owner": "NixOS",
        "ref": "nixos-22.11",
        "repo": "nixpkgs",
        "type": "github"
      }
    },
    "nixpkgs_2": {
      "locked": {
        "lastModified": 1632846328,
        "narHash": "sha256-sFi6YtlGK30TBB9o6CW7LG9mYHkgtKeWbSLAjjrNTX0=",
        "owner": "NixOS",
        "repo": "nixpkgs",
        "rev": "2b71ddd869ad592510553d09fe89c9709fa26b2b",
        "type": "github"
      },
      "original": {
        "id": "nixpkgs",
        "type": "indirect"
      }
    },
    "nixpkgs_3": {
      "locked": {
        "lastModified": 1675918889,
        "narHash": "sha256-hy7re4F9AEQqwZxubct7jBRos6md26bmxnCjxf5utJA=",
        "owner": "nixos",
        "repo": "nixpkgs",
        "rev": "49efda9011e8cdcd6c1aad30384cb1dc230c82fe",
        "type": "github"
      },
      "original": {
        "owner": "nixos",
        "ref": "nixos-22.11",
        "repo": "nixpkgs",
        "type": "github"
      }
    },
    "nixpkgs_4": {
      "locked": {
        "lastModified": 1671271357,
        "narHash": "sha256-xRJdLbWK4v2SewmSStYrcLa0YGJpleufl44A19XSW8k=",
        "owner": "NixOS",
        "repo": "nixpkgs",
        "rev": "40f79f003b6377bd2f4ed4027dde1f8f922995dd",
        "type": "github"
      },
      "original": {
        "owner": "NixOS",
        "ref": "nixos-unstable",
        "repo": "nixpkgs",
        "type": "github"
      }
    },
    "nur": {
      "locked": {
        "lastModified": 1676155475,
        "narHash": "sha256-yLnAQiIVzSy2daV0V9ckr6TB9hBaxdwGd2WKtKlVFrA=",
        "owner": "nix-community",
        "repo": "NUR",
        "rev": "132b707f6e960bb56c34a08f0d660bdea2084cce",
        "type": "github"
      },
      "original": {
        "owner": "nix-community",
        "repo": "NUR",
        "type": "github"
      }
    },
    "pre-commit-hooks": {
      "inputs": {
        "flake-compat": "flake-compat",
        "flake-utils": "flake-utils_3",
        "gitignore": "gitignore_2",
        "nixpkgs": "nixpkgs_4",
        "nixpkgs-stable": "nixpkgs-stable"
      },
      "locked": {
        "lastModified": 1675688762,
        "narHash": "sha256-oit/SxMk0B380ASuztBGQLe8TttO1GJiXF8aZY9AYEc=",
        "owner": "cachix",
        "repo": "pre-commit-hooks.nix",
        "rev": "ab608394886fb04b8a5df3cb0bab2598400e3634",
        "type": "github"
      },
      "original": {
        "owner": "cachix",
        "repo": "pre-commit-hooks.nix",
        "type": "github"
      }
    },
    "root": {
      "inputs": {
        "base16": "base16",
        "base16-emacs": "base16-emacs",
        "base16-rofi": "base16-rofi",
        "base16-schemes": "base16-schemes",
        "base16-tmux": "base16-tmux",
        "copilot-el": "copilot-el",
        "emacs-overlay": "emacs-overlay",
        "fish-kubectl-completions": "fish-kubectl-completions",
        "flake-utils": "flake-utils_2",
        "fzf.fish": "fzf.fish",
        "git-sync-el": "git-sync-el",
        "gitignore": "gitignore",
        "gitignore.nix": "gitignore.nix",
        "home-manager": "home-manager",
        "nixos-hardware": "nixos-hardware",
        "nixpkgs": "nixpkgs_3",
        "nur": "nur",
        "pre-commit-hooks": "pre-commit-hooks",
        "unison-nix": "unison-nix"
      }
    },
    "unison": {
      "flake": false,
      "locked": {
        "lastModified": 1673354248,
        "narHash": "sha256-HiauBnfB/CFhDM6kKhlW28991+FmfscDwBlV6EaB2/Q=",
        "owner": "unisonweb",
        "repo": "unison",
        "rev": "f311c733a26285da2d83c39d969d4f091c2f3177",
        "type": "github"
      },
      "original": {
        "owner": "unisonweb",
        "repo": "unison",
        "type": "github"
      }
    },
    "unison-nix": {
      "inputs": {
        "flake-utils": "flake-utils_4",
        "nixpkgs-darwin": "nixpkgs-darwin",
        "nixpkgs-non-darwin": "nixpkgs-non-darwin",
        "unison": "unison"
      },
      "locked": {
        "lastModified": 1675209091,
        "narHash": "sha256-ayWyZRyreZAIikzjyvK5Eh6w58HH/q5O/dVtrpcGMAY=",
        "owner": "ceedubs",
        "repo": "unison-nix",
        "rev": "cf10749d64b84307f42b2ba3f8f27aaa2a34fd50",
        "type": "github"
      },
      "original": {
        "owner": "ceedubs",
        "repo": "unison-nix",
        "type": "github"
      }
    },
    "utils": {
      "locked": {
        "lastModified": 1667395993,
        "narHash": "sha256-nuEHfE/LcWyuSWnS8t12N1wc105Qtau+/OdUAjtQ0rA=",
        "owner": "numtide",
        "repo": "flake-utils",
        "rev": "5aed5285a952e0b949eb3ba02c12fa4fcfef535f",
        "type": "github"
      },
      "original": {
        "owner": "numtide",
        "repo": "flake-utils",
        "type": "github"
      }
    }
  },
  "root": "root",
  "version": 7
}
